
Microsoft Visual Studio Solution File, Format Version 12.00
# Visual Studio Version 17
VisualStudioVersion = 17.3.32922.545
MinimumVisualStudioVersion = 10.0.40219.1
Project("{FAE04EC0-301F-11D3-BF4B-00C04F79EFBC}") = "MoviesAPI", "MoviesAPI\MoviesAPI.csproj", "{80A3FA45-2459-4833-BABC-00295AC8809B}"
EndProject
Global
	GlobalSection(SolutionConfigurationPlatforms) = preSolution
		Debug|Any CPU = Debug|Any CPU
		Release|Any CPU = Release|Any CPU
	EndGlobalSection
	GlobalSection(ProjectConfigurationPlatforms) = postSolution
		{80A3FA45-2459-4833-BABC-00295AC8809B}.Debug|Any CPU.ActiveCfg = Debug|Any CPU
		{80A3FA45-2459-4833-BABC-00295AC8809B}.Debug|Any CPU.Build.0 = Debug|Any CPU
		{80A3FA45-2459-4833-BABC-00295AC8809B}.Release|Any CPU.ActiveCfg = Release|Any CPU
		{80A3FA45-2459-4833-BABC-00295AC8809B}.Release|Any CPU.Build.0 = Release|Any CPU
	EndGlobalSection
	GlobalSection(SolutionProperties) = preSolution
		HideSolutionNode = FALSE
	EndGlobalSection
	GlobalSection(ExtensibilityGlobals) = postSolution
		SolutionGuid = {E6A56C57-3B1D-47F9-BFAA-DEDCF9CF610C}
	EndGlobalSection
EndGlobal
